
Microsoft Visual Studio Solution File, Format Version 12.00
# Visual Studio Version 17
VisualStudioVersion = 17.4.33205.214
MinimumVisualStudioVersion = 10.0.40219.1
Project("{2150E333-8FDC-42A3-9474-1A3956D46DE8}") = "Src", "Src", "{69EF4D8C-2259-4E8B-ABA6-C9E6BEA119C8}"
EndProject
Project("{2150E333-8FDC-42A3-9474-1A3956D46DE8}") = "Test", "Test", "{F755AA2A-EFD6-4AA4-AC55-5590D28FAF23}"
EndProject
Project("{2150E333-8FDC-42A3-9474-1A3956D46DE8}") = "Doc", "Doc", "{1D1133FB-48E5-4AAE-A7FC-B6E68A70775A}"
EndProject
Project("{2150E333-8FDC-42A3-9474-1A3956D46DE8}") = "Core", "Core", "{F9FEE8C4-9BD5-4441-AA76-2C919344F9C9}"
EndProject
Project("{2150E333-8FDC-42A3-9474-1A3956D46DE8}") = "Common", "Common", "{61B7552E-A5CB-4F6E-A509-AA3A844B507F}"
EndProject
Project("{2150E333-8FDC-42A3-9474-1A3956D46DE8}") = "Infrastructure", "Infrastructure", "{B4459962-203A-4AC8-876E-C3E8D499E0A0}"
EndProject
Project("{2150E333-8FDC-42A3-9474-1A3956D46DE8}") = "Endpoint", "Endpoint", "{93F1EA96-5813-453B-89D9-58EFE2BBF3CA}"
EndProject
Project("{9A19103F-16F7-4668-BE54-9A1E7A4F7556}") = "Shop.Contract", "Src\Core\Shop.Contract\Shop.Contract.csproj", "{0EFE60E3-3878-4F0E-8931-D9F7F967B0DF}"
EndProject
Project("{9A19103F-16F7-4668-BE54-9A1E7A4F7556}") = "Shop.Application", "Src\Core\Shop.Application\Shop.Application.csproj", "{472F2DC3-F71D-4CEE-A73C-A943E49643DF}"
EndProject
Project("{9A19103F-16F7-4668-BE54-9A1E7A4F7556}") = "Shop.Domain", "Src\Core\Shop.Domain\Shop.Domain.csproj", "{F2E33CB2-5595-4D31-9376-15CFA981628A}"
EndProject
Project("{9A19103F-16F7-4668-BE54-9A1E7A4F7556}") = "Shop.Persistence", "Src\Infrastructure\Shop.Persistence\Shop.Persistence.csproj", "{51B576B6-C750-4143-89FD-657AD4072FE5}"
EndProject
Project("{9A19103F-16F7-4668-BE54-9A1E7A4F7556}") = "Shop.Api", "Src\Endpoint\Shop.Api\Shop.Api.csproj", "{233EA7CC-227F-48C5-921F-C888B2D23DFB}"
EndProject
Project("{FAE04EC0-301F-11D3-BF4B-00C04F79EFBC}") = "Shop.Framework", "Src\Common\Shop.Framework\Shop.Framework.csproj", "{D91C179A-E596-4838-AAB8-A57F3CB707D1}"
EndProject
Global
	GlobalSection(SolutionConfigurationPlatforms) = preSolution
		Debug|Any CPU = Debug|Any CPU
		Release|Any CPU = Release|Any CPU
	EndGlobalSection
	GlobalSection(ProjectConfigurationPlatforms) = postSolution
		{0EFE60E3-3878-4F0E-8931-D9F7F967B0DF}.Debug|Any CPU.ActiveCfg = Debug|Any CPU
		{0EFE60E3-3878-4F0E-8931-D9F7F967B0DF}.Debug|Any CPU.Build.0 = Debug|Any CPU
		{0EFE60E3-3878-4F0E-8931-D9F7F967B0DF}.Release|Any CPU.ActiveCfg = Release|Any CPU
		{0EFE60E3-3878-4F0E-8931-D9F7F967B0DF}.Release|Any CPU.Build.0 = Release|Any CPU
		{472F2DC3-F71D-4CEE-A73C-A943E49643DF}.Debug|Any CPU.ActiveCfg = Debug|Any CPU
		{472F2DC3-F71D-4CEE-A73C-A943E49643DF}.Debug|Any CPU.Build.0 = Debug|Any CPU
		{472F2DC3-F71D-4CEE-A73C-A943E49643DF}.Release|Any CPU.ActiveCfg = Release|Any CPU
		{472F2DC3-F71D-4CEE-A73C-A943E49643DF}.Release|Any CPU.Build.0 = Release|Any CPU
		{F2E33CB2-5595-4D31-9376-15CFA981628A}.Debug|Any CPU.ActiveCfg = Debug|Any CPU
		{F2E33CB2-5595-4D31-9376-15CFA981628A}.Debug|Any CPU.Build.0 = Debug|Any CPU
		{F2E33CB2-5595-4D31-9376-15CFA981628A}.Release|Any CPU.ActiveCfg = Release|Any CPU
		{F2E33CB2-5595-4D31-9376-15CFA981628A}.Release|Any CPU.Build.0 = Release|Any CPU
		{51B576B6-C750-4143-89FD-657AD4072FE5}.Debug|Any CPU.ActiveCfg = Debug|Any CPU
		{51B576B6-C750-4143-89FD-657AD4072FE5}.Debug|Any CPU.Build.0 = Debug|Any CPU
		{51B576B6-C750-4143-89FD-657AD4072FE5}.Release|Any CPU.ActiveCfg = Release|Any CPU
		{51B576B6-C750-4143-89FD-657AD4072FE5}.Release|Any CPU.Build.0 = Release|Any CPU
		{233EA7CC-227F-48C5-921F-C888B2D23DFB}.Debug|Any CPU.ActiveCfg = Debug|Any CPU
		{233EA7CC-227F-48C5-921F-C888B2D23DFB}.Debug|Any CPU.Build.0 = Debug|Any CPU
		{233EA7CC-227F-48C5-921F-C888B2D23DFB}.Release|Any CPU.ActiveCfg = Release|Any CPU
		{233EA7CC-227F-48C5-921F-C888B2D23DFB}.Release|Any CPU.Build.0 = Release|Any CPU
		{D91C179A-E596-4838-AAB8-A57F3CB707D1}.Debug|Any CPU.ActiveCfg = Debug|Any CPU
		{D91C179A-E596-4838-AAB8-A57F3CB707D1}.Debug|Any CPU.Build.0 = Debug|Any CPU
		{D91C179A-E596-4838-AAB8-A57F3CB707D1}.Release|Any CPU.ActiveCfg = Release|Any CPU
		{D91C179A-E596-4838-AAB8-A57F3CB707D1}.Release|Any CPU.Build.0 = Release|Any CPU
	EndGlobalSection
	GlobalSection(SolutionProperties) = preSolution
		HideSolutionNode = FALSE
	EndGlobalSection
	GlobalSection(NestedProjects) = preSolution
		{F9FEE8C4-9BD5-4441-AA76-2C919344F9C9} = {69EF4D8C-2259-4E8B-ABA6-C9E6BEA119C8}
		{61B7552E-A5CB-4F6E-A509-AA3A844B507F} = {69EF4D8C-2259-4E8B-ABA6-C9E6BEA119C8}
		{B4459962-203A-4AC8-876E-C3E8D499E0A0} = {69EF4D8C-2259-4E8B-ABA6-C9E6BEA119C8}
		{93F1EA96-5813-453B-89D9-58EFE2BBF3CA} = {69EF4D8C-2259-4E8B-ABA6-C9E6BEA119C8}
		{0EFE60E3-3878-4F0E-8931-D9F7F967B0DF} = {F9FEE8C4-9BD5-4441-AA76-2C919344F9C9}
		{472F2DC3-F71D-4CEE-A73C-A943E49643DF} = {F9FEE8C4-9BD5-4441-AA76-2C919344F9C9}
		{F2E33CB2-5595-4D31-9376-15CFA981628A} = {F9FEE8C4-9BD5-4441-AA76-2C919344F9C9}
		{51B576B6-C750-4143-89FD-657AD4072FE5} = {B4459962-203A-4AC8-876E-C3E8D499E0A0}
		{233EA7CC-227F-48C5-921F-C888B2D23DFB} = {93F1EA96-5813-453B-89D9-58EFE2BBF3CA}
		{D91C179A-E596-4838-AAB8-A57F3CB707D1} = {61B7552E-A5CB-4F6E-A509-AA3A844B507F}
	EndGlobalSection
	GlobalSection(ExtensibilityGlobals) = postSolution
		SolutionGuid = {4E473AC3-356B-49A9-9ACC-82C12E634CD1}
	EndGlobalSection
EndGlobal
